
Microsoft Visual Studio Solution File, Format Version 12.00
# Visual Studio Version 17
VisualStudioVersion = 17.9.34607.119
MinimumVisualStudioVersion = 10.0.40219.1
Project("{FAE04EC0-301F-11D3-BF4B-00C04F79EFBC}") = "DACS", "DACS.csproj", "{00A69423-64B8-445D-8C3D-B2DF476FF55C}"
EndProject
Global
	GlobalSection(SolutionConfigurationPlatforms) = preSolution
		Debug|Any CPU = Debug|Any CPU
		Release|Any CPU = Release|Any CPU
	EndGlobalSection
	GlobalSection(ProjectConfigurationPlatforms) = postSolution
		{00A69423-64B8-445D-8C3D-B2DF476FF55C}.Debug|Any CPU.ActiveCfg = Debug|Any CPU
		{00A69423-64B8-445D-8C3D-B2DF476FF55C}.Debug|Any CPU.Build.0 = Debug|Any CPU
		{00A69423-64B8-445D-8C3D-B2DF476FF55C}.Release|Any CPU.ActiveCfg = Release|Any CPU
		{00A69423-64B8-445D-8C3D-B2DF476FF55C}.Release|Any CPU.Build.0 = Release|Any CPU
	EndGlobalSection
	GlobalSection(SolutionProperties) = preSolution
		HideSolutionNode = FALSE
	EndGlobalSection
	GlobalSection(ExtensibilityGlobals) = postSolution
		SolutionGuid = {EC4C9E21-6375-4E07-BC84-0E490AF40088}
	EndGlobalSection
EndGlobal
